PODS:
  - Realm (2.3.0):
    - Realm/Headers (= 2.3.0)
  - Realm/Headers (2.3.0)
  - RealmSwift (2.3.0):
    - Realm (= 2.3.0)

DEPENDENCIES:
  - Realm (from `https://github.com/realm/realm-cocoa.git`, branch `master`)
  - RealmSwift (from `https://github.com/realm/realm-cocoa.git`, branch `master`)

EXTERNAL SOURCES:
  Realm:
    :branch: master
    :git: https://github.com/realm/realm-cocoa.git
    :submodules: true
  RealmSwift:
    :branch: master
    :git: https://github.com/realm/realm-cocoa.git
    :submodules: true

CHECKOUT OPTIONS:
  Realm:
    :commit: fa27ea63fd060ac22b664964ea8c5b04a169d08e
    :git: https://github.com/realm/realm-cocoa.git
    :submodules: true
  RealmSwift:
    :commit: fa27ea63fd060ac22b664964ea8c5b04a169d08e
    :git: https://github.com/realm/realm-cocoa.git
    :submodules: true

SPEC CHECKSUMS:
  Realm: 69d7de9aa569a11eed490aaabc8f2109e3985ecf
  RealmSwift: a2b5f159c14fc53c75ce04d3d84b875a69f60590

PODFILE CHECKSUM: 187f0d80b5d3e5fc80d55a010c26c723d4db6a0e

COCOAPODS: 1.1.1
